schema: '2.0'
stages:
  data_ingestion:
    cmd: python src/data_ingestion.py
    deps:
    - path: src/data_ingestion.py
      hash: md5
      md5: 82cfe5deac4d824bc365f60b1779f2df
      size: 2298
    outs:
    - path: data/raw_data
      hash: md5
      md5: 1208258678c340a15e1dc7b6625909db.dir
      size: 677582
      nfiles: 1
  data_preprocessing:
    cmd: python src/data_preprocessing.py
    deps:
    - path: data/raw_data/data.csv
      hash: md5
      md5: 8c9cd85ee5085a0df02c45746b21ce3c
      size: 677582
    - path: src/data_preprocessing.py
      hash: md5
      md5: 8b90b3bad620726f8bc9b9bd32f00634
      size: 3914
    outs:
    - path: data/preprocess_data
      hash: md5
      md5: 802456250aeb196e89ac9f9295072494.dir
      size: 802399
      nfiles: 4
  model_building:
    cmd: python src/model_building.py
    deps:
    - path: data/preprocess_data
      hash: md5
      md5: 802456250aeb196e89ac9f9295072494.dir
      size: 802399
      nfiles: 4
    - path: src/model_building.py
      hash: md5
      md5: 0b32f6c3f2e0c2ea95739bb35834a4f3
      size: 2725
    outs:
    - path: model
      hash: md5
      md5: ca1cea3df284bb5d6763573c44969dab.dir
      size: 16836028
      nfiles: 1
  model_evaluation:
    cmd: python src/model_evaluation.py
    deps:
    - path: model/rf_model.pkl
      hash: md5
      md5: 2d72b7df73564e11f17a0a1e89de3a83
      size: 16836028
    - path: src/model_evaluation.py
      hash: md5
      md5: 33c5105d9e80001c5b54aa31d11f541d
      size: 4217
